{
  "name": "cra-linaria",
  "version": "0.1.0",
  "lockfileVersion": 1,
  "requires": true,
  "dependencies": {
    "@formatjs/ecma402-abstract": {
      "version": "1.9.7",
      "resolved": "https://registry.npmjs.org/@formatjs/ecma402-abstract/-/ecma402-abstract-1.9.7.tgz",
      "integrity": "sha512-Lu05JjSlL4QbXLiJHcljmWLSSKoxc4ed6aAz4ZPIJn7HsgzoObR4wKllFVcEWnIfiW8FIWITOZjXjoZ8MamSJA==",
      "requires": {
        "@formatjs/intl-localematcher": "0.2.20",
        "tslib": "2.3.1"
      }
    },
    "@formatjs/fast-memoize": {
      "version": "1.2.0",
      "resolved": "https://registry.npmjs.org/@formatjs/fast-memoize/-/fast-memoize-1.2.0.tgz",
      "integrity": "sha512-fObitP9Tlc31SKrPHgkPgQpGo4+4yXfQQITTCNH8AZdEqB7Mq4nPrjpUL/tNGN3lEeJcFxDbi0haX8HM7QvQ8w==",
      "requires": {
        "tslib": "2.3.1"
      }
    },
    "@formatjs/icu-messageformat-parser": {
      "version": "2.0.10",
      "resolved": "https://registry.npmjs.org/@formatjs/icu-messageformat-parser/-/icu-messageformat-parser-2.0.10.tgz",
      "integrity": "sha512-X1HTDTs0sdLVFFJLZuJ4+YfMMWv7/wGsoE7yIQkzKlck3HrAA/dBZDR1sOwcxH7Rz8NY1K+oUOkPe/f1sa7Q8g==",
      "requires": {
        "@formatjs/ecma402-abstract": "1.9.7",
        "@formatjs/icu-skeleton-parser": "1.2.11",
        "tslib": "2.3.1"
      }
    },
    "@formatjs/icu-skeleton-parser": {
      "version": "1.2.11",
      "resolved": "https://registry.npmjs.org/@formatjs/icu-skeleton-parser/-/icu-skeleton-parser-1.2.11.tgz",
      "integrity": "sha512-nvme882npz//T17BR5S1xdNqv10CSlHsaPZ1iUxVrDTlotQHcr7O5qkX6JjpQ6qPflTt2s4k0W9nkMcFIfDuFg==",
      "requires": {
        "@formatjs/ecma402-abstract": "1.9.7",
        "tslib": "2.3.1"
      }
    },
    "@formatjs/intl": {
      "version": "1.14.0",
      "resolved": "https://registry.npmjs.org/@formatjs/intl/-/intl-1.14.0.tgz",
      "integrity": "sha512-Oh3xa8WE8wjQGsBjkhgzpIww+liNyiMKkRGkAJWFAEZ+ZfUc/16thUD4Yp9HSM9TmEs7ibBIBW7Uz5785D/rmQ==",
      "requires": {
        "@formatjs/ecma402-abstract": "1.9.7",
        "@formatjs/fast-memoize": "1.2.0",
        "@formatjs/intl-displaynames": "5.2.2",
        "@formatjs/intl-listformat": "6.3.2",
        "intl-messageformat": "9.9.0",
        "tslib": "2.3.1"
      }
    },
    "@formatjs/intl-displaynames": {
      "version": "5.2.2",
      "resolved": "https://registry.npmjs.org/@formatjs/intl-displaynames/-/intl-displaynames-5.2.2.tgz",
      "integrity": "sha512-Xyl4KNhBUWroKzmOX7qXI008VazJMHZbebpRXhoQgjmFPGc87QBVjYcfwEmGHlRQgJ4L/bvQ6GNiN6b2Y96xUg==",
      "requires": {
        "@formatjs/ecma402-abstract": "1.9.7",
        "@formatjs/intl-localematcher": "0.2.20",
        "tslib": "2.3.1"
      }
    },
    "@formatjs/intl-listformat": {
      "version": "6.3.2",
      "resolved": "https://registry.npmjs.org/@formatjs/intl-listformat/-/intl-listformat-6.3.2.tgz",
      "integrity": "sha512-9RiSmg8VPN+82c3MlHxQVX9pD20KcIyjOeDJBM9K9uieLR4X3v0RJneXj2yv6WyhHNhHvrhPmrWFjQYTowJLzQ==",
      "requires": {
        "@formatjs/ecma402-abstract": "1.9.7",
        "@formatjs/intl-localematcher": "0.2.20",
        "tslib": "2.3.1"
      }
    },
    "@formatjs/intl-localematcher": {
      "version": "0.2.20",
      "resolved": "https://registry.npmjs.org/@formatjs/intl-localematcher/-/intl-localematcher-0.2.20.tgz",
      "integrity": "sha512-/Ro85goRZnCojzxOegANFYL0LaDIpdPjAukR7xMTjOtRx+3yyjR0ifGTOW3/Kjhmab3t6GnyHBYWZSudxEOxPA==",
      "requires": {
        "tslib": "2.3.1"
      }
    },
    "@types/hoist-non-react-statics": {
      "version": "3.3.1",
      "resolved": "https://registry.npmjs.org/@types/hoist-non-react-statics/-/hoist-non-react-statics-3.3.1.tgz",
      "integrity": "sha512-iMIqiko6ooLrTh1joXodJK5X9xeEALT1kM5G3ZLhD3hszxBdIEd5C75U834D9mLcINgD4OyZf5uQXjkuYydWvA==",
      "requires": {
        "@types/react": "17.0.19",
        "hoist-non-react-statics": "3.3.2"
      }
    },
    "@types/prop-types": {
      "version": "15.7.4",
      "resolved": "https://registry.npmjs.org/@types/prop-types/-/prop-types-15.7.4.tgz",
      "integrity": "sha512-rZ5drC/jWjrArrS8BR6SIr4cWpW09RNTYt9AMZo3Jwwif+iacXAqgVjm0B0Bv/S1jhDXKHqRVNCbACkJ89RAnQ=="
    },
    "@types/react": {
      "version": "17.0.19",
      "resolved": "https://registry.npmjs.org/@types/react/-/react-17.0.19.tgz",
      "integrity": "sha512-sX1HisdB1/ZESixMTGnMxH9TDe8Sk709734fEQZzCV/4lSu9kJCPbo2PbTRoZM+53Pp0P10hYVyReUueGwUi4A==",
      "requires": {
        "@types/prop-types": "15.7.4",
        "@types/scheduler": "0.16.2",
        "csstype": "3.0.8"
      }
    },
    "@types/scheduler": {
      "version": "0.16.2",
      "resolved": "https://registry.npmjs.org/@types/scheduler/-/scheduler-0.16.2.tgz",
      "integrity": "sha512-hppQEBDmlwhFAXKJX2KnWLYu5yMfi91yazPb2l+lbJiwW+wdo1gNeRA+3RgNSO39WYX2euey41KEwnqesU2Jew=="
    },
    "csstype": {
      "version": "3.0.8",
      "resolved": "https://registry.npmjs.org/csstype/-/csstype-3.0.8.tgz",
      "integrity": "sha512-jXKhWqXPmlUeoQnF/EhTtTl4C9SnrxSH/jZUih3jmO6lBKr99rP3/+FmrMj4EFpOXzMtXHAZkd3x0E6h6Fgflw=="
    },
    "hoist-non-react-statics": {
      "version": "3.3.2",
      "resolved": "https://registry.npmjs.org/hoist-non-react-statics/-/hoist-non-react-statics-3.3.2.tgz",
      "integrity": "sha512-/gGivxi8JPKWNm/W0jSmzcMPpfpPLc3dY/6GxhX2hQ9iGj3aDfklV4ET7NjKpSinLpJ5vafa9iiGIEZg10SfBw==",
      "requires": {
        "react-is": "16.13.1"
      }
    },
    "intl-messageformat": {
      "version": "9.9.0",
      "resolved": "https://registry.npmjs.org/intl-messageformat/-/intl-messageformat-9.9.0.tgz",
      "integrity": "sha512-5+XCcCHdO55A57Emrfd5bhZ0OhB0Kc2SJCe7pFJ4hK/xYgtMteA8R+L7qnHyE0EDuD8tlNQG3TzjULKd/Zqebw==",
      "requires": {
        "@formatjs/fast-memoize": "1.2.0",
        "@formatjs/icu-messageformat-parser": "2.0.10",
        "tslib": "2.3.1"
      }
    },
    "react-intl": {
      "version": "5.20.9",
      "resolved": "https://registry.npmjs.org/react-intl/-/react-intl-5.20.9.tgz",
      "integrity": "sha512-nObPjUkECRMjgmXKfP2OehvloosUPeneXK5+hntu1liig/yfyJ2i37HFFKyzStK6wynwJARwFBgjPQQDd1oLzw==",
      "requires": {
        "@formatjs/intl": "1.14.0",
        "@formatjs/intl-displaynames": "5.2.2",
        "@formatjs/intl-listformat": "6.3.2",
        "@types/hoist-non-react-statics": "3.3.1",
        "@types/react": "17.0.19",
        "hoist-non-react-statics": "3.3.2",
        "intl-messageformat": "9.9.0",
        "tslib": "2.3.1"
      }
    },
    "react-is": {
      "version": "16.13.1",
      "resolved": "https://registry.npmjs.org/react-is/-/react-is-16.13.1.tgz",
      "integrity": "sha512-24e6ynE2H+OKt4kqsOvNd8kBpV65zoxbA4BVsEOB3ARVWQki/DHzaUoC5KuON/BiccDaCCTZBuOcfZs70kR8bQ=="
    },
    "tslib": {
      "version": "2.3.1",
      "resolved": "https://registry.npmjs.org/tslib/-/tslib-2.3.1.tgz",
      "integrity": "sha512-77EbyPPpMz+FRFRuAFlWMtmgUWGe9UOG2Z25NqCwiIjRhOf5iKGuzSe5P2w1laq+FkRy4p+PCuVkJSGkzTEKVw=="
    }
  }
}
